
Microsoft Visual Studio Solution File, Format Version 12.00
# Visual Studio 15
VisualStudioVersion = 15.0.28307.757
MinimumVisualStudioVersion = 10.0.40219.1
Project("{FAE04EC0-301F-11D3-BF4B-00C04F79EFBC}") = "Assigment", "IPAddress_Location_MVC\Assigment.csproj", "{912AF732-482D-40B5-81F8-F771D3319FBE}"
EndProject
Global
	GlobalSection(SolutionConfigurationPlatforms) = preSolution
		Debug|Any CPU = Debug|Any CPU
		Release|Any CPU = Release|Any CPU
	EndGlobalSection
	GlobalSection(ProjectConfigurationPlatforms) = postSolution
		{912AF732-482D-40B5-81F8-F771D3319FBE}.Debug|Any CPU.ActiveCfg = Debug|Any CPU
		{912AF732-482D-40B5-81F8-F771D3319FBE}.Debug|Any CPU.Build.0 = Debug|Any CPU
		{912AF732-482D-40B5-81F8-F771D3319FBE}.Release|Any CPU.ActiveCfg = Release|Any CPU
		{912AF732-482D-40B5-81F8-F771D3319FBE}.Release|Any CPU.Build.0 = Release|Any CPU
	EndGlobalSection
	GlobalSection(SolutionProperties) = preSolution
		HideSolutionNode = FALSE
	EndGlobalSection
	GlobalSection(ExtensibilityGlobals) = postSolution
		SolutionGuid = {FCBC62E7-8671-4B1E-9B20-138127CCE466}
	EndGlobalSection
EndGlobal
